
Microsoft Visual Studio Solution File, Format Version 12.00
# Visual Studio Version 17
VisualStudioVersion = 17.9.34622.214
MinimumVisualStudioVersion = 10.0.40219.1
Project("{8BC9CEB8-8B4A-11D0-8D11-00A0C91BC942}") = "StrukNikitaAprioritHomework4", "StrukNikitaAprioritHomework4\StrukNikitaAprioritHomework4.vcxproj", "{E922B79E-9CA3-4952-91BF-AEBF53CB27CE}"
EndProject
Global
	GlobalSection(SolutionConfigurationPlatforms) = preSolution
		Debug|x64 = Debug|x64
		Debug|x86 = Debug|x86
		Release|x64 = Release|x64
		Release|x86 = Release|x86
	EndGlobalSection
	GlobalSection(ProjectConfigurationPlatforms) = postSolution
		{E922B79E-9CA3-4952-91BF-AEBF53CB27CE}.Debug|x64.ActiveCfg = Debug|x64
		{E922B79E-9CA3-4952-91BF-AEBF53CB27CE}.Debug|x64.Build.0 = Debug|x64
		{E922B79E-9CA3-4952-91BF-AEBF53CB27CE}.Debug|x86.ActiveCfg = Debug|Win32
		{E922B79E-9CA3-4952-91BF-AEBF53CB27CE}.Debug|x86.Build.0 = Debug|Win32
		{E922B79E-9CA3-4952-91BF-AEBF53CB27CE}.Release|x64.ActiveCfg = Release|x64
		{E922B79E-9CA3-4952-91BF-AEBF53CB27CE}.Release|x64.Build.0 = Release|x64
		{E922B79E-9CA3-4952-91BF-AEBF53CB27CE}.Release|x86.ActiveCfg = Release|Win32
		{E922B79E-9CA3-4952-91BF-AEBF53CB27CE}.Release|x86.Build.0 = Release|Win32
	EndGlobalSection
	GlobalSection(SolutionProperties) = preSolution
		HideSolutionNode = FALSE
	EndGlobalSection
	GlobalSection(ExtensibilityGlobals) = postSolution
		SolutionGuid = {C75A865F-9FC0-48E5-BC92-C03CF7F72CE4}
	EndGlobalSection
EndGlobal
